{
  "name": "@types/pengu",
  "version": "0.0.2",
  "lockfileVersion": 3,
  "requires": true,
  "packages": {
    "": {
      "name": "@types/pengu",
      "version": "0.0.2",
      "license": "ISC",
      "dependencies": {
        "@types/league": "github:vanillamaster/league-types#semver:0.0.1"
      }
    },
    "node_modules/@types/league": {
      "version": "0.0.1",
      "resolved": "git+ssh://git@github.com/vanillamaster/league-types.git#5806723c4f0ebd567406fb9f4d315eaed17d0b60",
      "license": "ISC"
    }
  }
}
